# generated by rye
# use `rye lock` or `rye sync` to update this lockfile
#
# last locked with the following flags:
#   pre: false
#   features: []
#   all-features: false
#   with-sources: false
#   generate-hashes: false
#   universal: false

-e file:.
certifi==2024.12.14
    # via requests
charset-normalizer==3.4.0
    # via requests
click==8.1.7
    # via jawa
idna==3.10
    # via requests
jawa==2.2.0
    # via mcwiki-protocol-scripts
requests==2.32.3
    # via mcwiki-protocol-scripts
six==1.17.0
    # via mcwiki-protocol-scripts
urllib3==2.2.3
    # via requests
